
Microsoft Visual Studio Solution File, Format Version 12.00
# Visual Studio Version 16
VisualStudioVersion = 16.0.31424.327
MinimumVisualStudioVersion = 10.0.40219.1
Project("{FAE04EC0-301F-11D3-BF4B-00C04F79EFBC}") = "KomodoCafe.POCO", "KomodoCafe.POCO\KomodoCafe.POCO.csproj", "{B354B00F-EF71-41FF-803D-E336107ACCDF}"
EndProject
Project("{FAE04EC0-301F-11D3-BF4B-00C04F79EFBC}") = "KomodoCafe.REPO", "KomodoCafe.REPO\KomodoCafe.REPO.csproj", "{0CAD429C-D9E6-45AE-9C65-F4ACA2DFFCA6}"
EndProject
Project("{FAE04EC0-301F-11D3-BF4B-00C04F79EFBC}") = "KomodoCafe.Tests", "KomodoCafe.Tests\KomodoCafe.Tests.csproj", "{8722ACBC-ADEC-44C4-B7B3-EB26087119D0}"
EndProject
Project("{FAE04EC0-301F-11D3-BF4B-00C04F79EFBC}") = "KomodoCafeMenu", "KomodoCafeMenu\KomodoCafeMenu.csproj", "{ABF0C2D7-DDA1-4C37-8F62-A7B98DA9302D}"
EndProject
Project("{FAE04EC0-301F-11D3-BF4B-00C04F79EFBC}") = "KomodoClaims.Tests", "KomodoClaimsTests\KomodoClaims.Tests.csproj", "{BB6358CC-FB82-4F2B-A85E-9F1A8D9E7DC8}"
EndProject
Project("{FAE04EC0-301F-11D3-BF4B-00C04F79EFBC}") = "KomodoClaimsMENU", "KomodoClaimsMENU\KomodoClaimsMENU.csproj", "{0D6F561E-FBE1-4AEB-95F1-83FFB971318C}"
EndProject
Project("{FAE04EC0-301F-11D3-BF4B-00C04F79EFBC}") = "KomodoClaims.REPO", "KomodoClaims.REPO\KomodoClaims.REPO.csproj", "{8032B2ED-752B-466A-8AB8-10D2758C6BE1}"
EndProject
Project("{FAE04EC0-301F-11D3-BF4B-00C04F79EFBC}") = "KomodoClaims.POCO", "KomodoClaims.POCO\KomodoClaims.POCO.csproj", "{7EB040DA-00CE-49B3-B157-E2F4035DAF9A}"
EndProject
Project("{FAE04EC0-301F-11D3-BF4B-00C04F79EFBC}") = "KomodoBadgesMENU", "KomodoBadgesMENU\KomodoBadgesMENU.csproj", "{E9CFB230-46DE-42E5-B1F7-A8806E866C03}"
EndProject
Project("{FAE04EC0-301F-11D3-BF4B-00C04F79EFBC}") = "KomodoBadges.Tests", "KomodoBadgeTests\KomodoBadges.Tests.csproj", "{0A9DE29D-74B6-468F-8278-E5D3E2374A5B}"
EndProject
Project("{FAE04EC0-301F-11D3-BF4B-00C04F79EFBC}") = "KomodoBadges.POCO", "KomodoBadges.POCO\KomodoBadges.POCO.csproj", "{5008DF33-C2A2-43D5-9FE4-4ADCC67D8474}"
EndProject
Project("{FAE04EC0-301F-11D3-BF4B-00C04F79EFBC}") = "KomodoBadges.REPO", "KomodoBadges.REPO\KomodoBadges.REPO.csproj", "{6FA4CC3D-DEE1-40C7-96B5-BB279CD55360}"
EndProject
Global
	GlobalSection(SolutionConfigurationPlatforms) = preSolution
		Debug|Any CPU = Debug|Any CPU
		Release|Any CPU = Release|Any CPU
	EndGlobalSection
	GlobalSection(ProjectConfigurationPlatforms) = postSolution
		{B354B00F-EF71-41FF-803D-E336107ACCDF}.Debug|Any CPU.ActiveCfg = Debug|Any CPU
		{B354B00F-EF71-41FF-803D-E336107ACCDF}.Debug|Any CPU.Build.0 = Debug|Any CPU
		{B354B00F-EF71-41FF-803D-E336107ACCDF}.Release|Any CPU.ActiveCfg = Release|Any CPU
		{B354B00F-EF71-41FF-803D-E336107ACCDF}.Release|Any CPU.Build.0 = Release|Any CPU
		{0CAD429C-D9E6-45AE-9C65-F4ACA2DFFCA6}.Debug|Any CPU.ActiveCfg = Debug|Any CPU
		{0CAD429C-D9E6-45AE-9C65-F4ACA2DFFCA6}.Debug|Any CPU.Build.0 = Debug|Any CPU
		{0CAD429C-D9E6-45AE-9C65-F4ACA2DFFCA6}.Release|Any CPU.ActiveCfg = Release|Any CPU
		{0CAD429C-D9E6-45AE-9C65-F4ACA2DFFCA6}.Release|Any CPU.Build.0 = Release|Any CPU
		{8722ACBC-ADEC-44C4-B7B3-EB26087119D0}.Debug|Any CPU.ActiveCfg = Debug|Any CPU
		{8722ACBC-ADEC-44C4-B7B3-EB26087119D0}.Debug|Any CPU.Build.0 = Debug|Any CPU
		{8722ACBC-ADEC-44C4-B7B3-EB26087119D0}.Release|Any CPU.ActiveCfg = Release|Any CPU
		{8722ACBC-ADEC-44C4-B7B3-EB26087119D0}.Release|Any CPU.Build.0 = Release|Any CPU
		{ABF0C2D7-DDA1-4C37-8F62-A7B98DA9302D}.Debug|Any CPU.ActiveCfg = Debug|Any CPU
		{ABF0C2D7-DDA1-4C37-8F62-A7B98DA9302D}.Debug|Any CPU.Build.0 = Debug|Any CPU
		{ABF0C2D7-DDA1-4C37-8F62-A7B98DA9302D}.Release|Any CPU.ActiveCfg = Release|Any CPU
		{ABF0C2D7-DDA1-4C37-8F62-A7B98DA9302D}.Release|Any CPU.Build.0 = Release|Any CPU
		{BB6358CC-FB82-4F2B-A85E-9F1A8D9E7DC8}.Debug|Any CPU.ActiveCfg = Debug|Any CPU
		{BB6358CC-FB82-4F2B-A85E-9F1A8D9E7DC8}.Debug|Any CPU.Build.0 = Debug|Any CPU
		{BB6358CC-FB82-4F2B-A85E-9F1A8D9E7DC8}.Release|Any CPU.ActiveCfg = Release|Any CPU
		{BB6358CC-FB82-4F2B-A85E-9F1A8D9E7DC8}.Release|Any CPU.Build.0 = Release|Any CPU
		{0D6F561E-FBE1-4AEB-95F1-83FFB971318C}.Debug|Any CPU.ActiveCfg = Debug|Any CPU
		{0D6F561E-FBE1-4AEB-95F1-83FFB971318C}.Debug|Any CPU.Build.0 = Debug|Any CPU
		{0D6F561E-FBE1-4AEB-95F1-83FFB971318C}.Release|Any CPU.ActiveCfg = Release|Any CPU
		{0D6F561E-FBE1-4AEB-95F1-83FFB971318C}.Release|Any CPU.Build.0 = Release|Any CPU
		{8032B2ED-752B-466A-8AB8-10D2758C6BE1}.Debug|Any CPU.ActiveCfg = Debug|Any CPU
		{8032B2ED-752B-466A-8AB8-10D2758C6BE1}.Debug|Any CPU.Build.0 = Debug|Any CPU
		{8032B2ED-752B-466A-8AB8-10D2758C6BE1}.Release|Any CPU.ActiveCfg = Release|Any CPU
		{8032B2ED-752B-466A-8AB8-10D2758C6BE1}.Release|Any CPU.Build.0 = Release|Any CPU
		{7EB040DA-00CE-49B3-B157-E2F4035DAF9A}.Debug|Any CPU.ActiveCfg = Debug|Any CPU
		{7EB040DA-00CE-49B3-B157-E2F4035DAF9A}.Debug|Any CPU.Build.0 = Debug|Any CPU
		{7EB040DA-00CE-49B3-B157-E2F4035DAF9A}.Release|Any CPU.ActiveCfg = Release|Any CPU
		{7EB040DA-00CE-49B3-B157-E2F4035DAF9A}.Release|Any CPU.Build.0 = Release|Any CPU
		{E9CFB230-46DE-42E5-B1F7-A8806E866C03}.Debug|Any CPU.ActiveCfg = Debug|Any CPU
		{E9CFB230-46DE-42E5-B1F7-A8806E866C03}.Debug|Any CPU.Build.0 = Debug|Any CPU
		{E9CFB230-46DE-42E5-B1F7-A8806E866C03}.Release|Any CPU.ActiveCfg = Release|Any CPU
		{E9CFB230-46DE-42E5-B1F7-A8806E866C03}.Release|Any CPU.Build.0 = Release|Any CPU
		{0A9DE29D-74B6-468F-8278-E5D3E2374A5B}.Debug|Any CPU.ActiveCfg = Debug|Any CPU
		{0A9DE29D-74B6-468F-8278-E5D3E2374A5B}.Debug|Any CPU.Build.0 = Debug|Any CPU
		{0A9DE29D-74B6-468F-8278-E5D3E2374A5B}.Release|Any CPU.ActiveCfg = Release|Any CPU
		{0A9DE29D-74B6-468F-8278-E5D3E2374A5B}.Release|Any CPU.Build.0 = Release|Any CPU
		{5008DF33-C2A2-43D5-9FE4-4ADCC67D8474}.Debug|Any CPU.ActiveCfg = Debug|Any CPU
		{5008DF33-C2A2-43D5-9FE4-4ADCC67D8474}.Debug|Any CPU.Build.0 = Debug|Any CPU
		{5008DF33-C2A2-43D5-9FE4-4ADCC67D8474}.Release|Any CPU.ActiveCfg = Release|Any CPU
		{5008DF33-C2A2-43D5-9FE4-4ADCC67D8474}.Release|Any CPU.Build.0 = Release|Any CPU
		{6FA4CC3D-DEE1-40C7-96B5-BB279CD55360}.Debug|Any CPU.ActiveCfg = Debug|Any CPU
		{6FA4CC3D-DEE1-40C7-96B5-BB279CD55360}.Debug|Any CPU.Build.0 = Debug|Any CPU
		{6FA4CC3D-DEE1-40C7-96B5-BB279CD55360}.Release|Any CPU.ActiveCfg = Release|Any CPU
		{6FA4CC3D-DEE1-40C7-96B5-BB279CD55360}.Release|Any CPU.Build.0 = Release|Any CPU
	EndGlobalSection
	GlobalSection(SolutionProperties) = preSolution
		HideSolutionNode = FALSE
	EndGlobalSection
	GlobalSection(ExtensibilityGlobals) = postSolution
		SolutionGuid = {3A129474-98EC-451F-A2EF-C03C42FC8C2A}
	EndGlobalSection
EndGlobal
