
Microsoft Visual Studio Solution File, Format Version 12.00
# Visual Studio Version 16
VisualStudioVersion = 16.0.31424.327
MinimumVisualStudioVersion = 10.0.40219.1
Project("{FAE04EC0-301F-11D3-BF4B-00C04F79EFBC}") = "KomodoCafe.POCO", "KomodoCafe.POCO\KomodoCafe.POCO.csproj", "{B354B00F-EF71-41FF-803D-E336107ACCDF}"
EndProject
Project("{FAE04EC0-301F-11D3-BF4B-00C04F79EFBC}") = "KomodoCafe.REPO", "KomodoCafe.REPO\KomodoCafe.REPO.csproj", "{0CAD429C-D9E6-45AE-9C65-F4ACA2DFFCA6}"
EndProject
Project("{FAE04EC0-301F-11D3-BF4B-00C04F79EFBC}") = "KomodoCafe.Tests", "KomodoCafe.Tests\KomodoCafe.Tests.csproj", "{8722ACBC-ADEC-44C4-B7B3-EB26087119D0}"
EndProject
Project("{FAE04EC0-301F-11D3-BF4B-00C04F79EFBC}") = "KomodoCafeMenu", "KomodoCafeMenu\KomodoCafeMenu.csproj", "{ABF0C2D7-DDA1-4C37-8F62-A7B98DA9302D}"
EndProject
Global
	GlobalSection(SolutionConfigurationPlatforms) = preSolution
		Debug|Any CPU = Debug|Any CPU
		Release|Any CPU = Release|Any CPU
	EndGlobalSection
	GlobalSection(ProjectConfigurationPlatforms) = postSolution
		{B354B00F-EF71-41FF-803D-E336107ACCDF}.Debug|Any CPU.ActiveCfg = Debug|Any CPU
		{B354B00F-EF71-41FF-803D-E336107ACCDF}.Debug|Any CPU.Build.0 = Debug|Any CPU
		{B354B00F-EF71-41FF-803D-E336107ACCDF}.Release|Any CPU.ActiveCfg = Release|Any CPU
		{B354B00F-EF71-41FF-803D-E336107ACCDF}.Release|Any CPU.Build.0 = Release|Any CPU
		{0CAD429C-D9E6-45AE-9C65-F4ACA2DFFCA6}.Debug|Any CPU.ActiveCfg = Debug|Any CPU
		{0CAD429C-D9E6-45AE-9C65-F4ACA2DFFCA6}.Debug|Any CPU.Build.0 = Debug|Any CPU
		{0CAD429C-D9E6-45AE-9C65-F4ACA2DFFCA6}.Release|Any CPU.ActiveCfg = Release|Any CPU
		{0CAD429C-D9E6-45AE-9C65-F4ACA2DFFCA6}.Release|Any CPU.Build.0 = Release|Any CPU
		{8722ACBC-ADEC-44C4-B7B3-EB26087119D0}.Debug|Any CPU.ActiveCfg = Debug|Any CPU
		{8722ACBC-ADEC-44C4-B7B3-EB26087119D0}.Debug|Any CPU.Build.0 = Debug|Any CPU
		{8722ACBC-ADEC-44C4-B7B3-EB26087119D0}.Release|Any CPU.ActiveCfg = Release|Any CPU
		{8722ACBC-ADEC-44C4-B7B3-EB26087119D0}.Release|Any CPU.Build.0 = Release|Any CPU
		{ABF0C2D7-DDA1-4C37-8F62-A7B98DA9302D}.Debug|Any CPU.ActiveCfg = Debug|Any CPU
		{ABF0C2D7-DDA1-4C37-8F62-A7B98DA9302D}.Debug|Any CPU.Build.0 = Debug|Any CPU
		{ABF0C2D7-DDA1-4C37-8F62-A7B98DA9302D}.Release|Any CPU.ActiveCfg = Release|Any CPU
		{ABF0C2D7-DDA1-4C37-8F62-A7B98DA9302D}.Release|Any CPU.Build.0 = Release|Any CPU
	EndGlobalSection
	GlobalSection(SolutionProperties) = preSolution
		HideSolutionNode = FALSE
	EndGlobalSection
	GlobalSection(ExtensibilityGlobals) = postSolution
		SolutionGuid = {3A129474-98EC-451F-A2EF-C03C42FC8C2A}
	EndGlobalSection
EndGlobal
